// !$*UTF8*$!
{
	archiveVersion = 1;
	classes = {
	};
	objectVersion = 50;
	objects = {

/* Begin PBXBuildFile section */
		A372DA8A228BA72C00F61054 /* AppDelegate.swift in Sources */ = {isa = PBXBuildFile; fileRef = A372DA89228BA72C00F61054 /* AppDelegate.swift */; };
		A372DA8C228BA72C00F61054 /* art.scnassets in Resources */ = {isa = PBXBuildFile; fileRef = A372DA8B228BA72C00F61054 /* art.scnassets */; };
		A372DA8E228BA72C00F61054 /* ViewController.swift in Sources */ = {isa = PBXBuildFile; fileRef = A372DA8D228BA72C00F61054 /* ViewController.swift */; };
		A372DA91228BA72C00F61054 /* Main.storyboard in Resources */ = {isa = PBXBuildFile; fileRef = A372DA8F228BA72C00F61054 /* Main.storyboard */; };
		A372DA93228BA72D00F61054 /* Assets.xcassets in Resources */ = {isa = PBXBuildFile; fileRef = A372DA92228BA72D00F61054 /* Assets.xcassets */; };
		A372DA96228BA72D00F61054 /* LaunchScreen.storyboard in Resources */ = {isa = PBXBuildFile; fileRef = A372DA94228BA72D00F61054 /* LaunchScreen.storyboard */; };
/* End PBXBuildFile section */

/* Begin PBXFileReference section */
		A372DA86228BA72C00F61054 /* RejectedApps.app */ = {isa = PBXFileReference; explicitFileType = wrapper.application; includeInIndex = 0; path = RejectedApps.app; sourceTree = BUILT_PRODUCTS_DIR; };
		A372DA89228BA72C00F61054 /* AppDelegate.swift */ = {isa = PBXFileReference; lastKnownFileType = sourcecode.swift; path = AppDelegate.swift; sourceTree = "<group>"; };
		A372DA8B228BA72C00F61054 /* art.scnassets */ = {isa = PBXFileReference; lastKnownFileType = wrapper.scnassets; path = art.scnassets; sourceTree = "<group>"; };
		A372DA8D228BA72C00F61054 /* ViewController.swift */ = {isa = PBXFileReference; lastKnownFileType = sourcecode.swift; path = ViewController.swift; sourceTree = "<group>"; };
		A372DA90228BA72C00F61054 /* Base */ = {isa = PBXFileReference; lastKnownFileType = file.storyboard; name = Base; path = Base.lproj/Main.storyboard; sourceTree = "<group>"; };
		A372DA92228BA72D00F61054 /* Assets.xcassets */ = {isa = PBXFileReference; lastKnownFileType = folder.assetcatalog; path = Assets.xcassets; sourceTree = "<group>"; };
		A372DA95228BA72D00F61054 /* Base */ = {isa = PBXFileReference; lastKnownFileType = file.storyboard; name = Base; path = Base.lproj/LaunchScreen.storyboard; sourceTree = "<group>"; };
		A372DA97228BA72D00F61054 /* Info.plist */ = {isa = PBXFileReference; lastKnownFileType = text.plist.xml; path = Info.plist; sourceTree = "<group>"; };
/* End PBXFileReference section */

/* Begin PBXFrameworksBuildPhase section */
		A372DA83228BA72C00F61054 /* Frameworks */ = {
			isa = PBXFrameworksBuildPhase;
			buildActionMask = 2147483647;
			files = (
			);
			runOnlyForDeploymentPostprocessing = 0;
		};
/* End PBXFrameworksBuildPhase section */

/* Begin PBXGroup section */
		A372DA7D228BA72C00F61054 = {
			isa = PBXGroup;
			children = (
				A372DA88228BA72C00F61054 /* RejectedApps */,
				A372DA87228BA72C00F61054 /* Products */,
			);
			sourceTree = "<group>";
		};
		A372DA87228BA72C00F61054 /* Products */ = {
			isa = PBXGroup;
			children = (
				A372DA86228BA72C00F61054 /* RejectedApps.app */,
			);
			name = Products;
			sourceTree = "<group>";
		};
		A372DA88228BA72C00F61054 /* RejectedApps */ = {
			isa = PBXGroup;
			children = (
				A372DA89228BA72C00F61054 /* AppDelegate.swift */,
				A372DA8B228BA72C00F61054 /* art.scnassets */,
				A372DA8D228BA72C00F61054 /* ViewController.swift */,
				A372DA8F228BA72C00F61054 /* Main.storyboard */,
				A372DA92228BA72D00F61054 /* Assets.xcassets */,
				A372DA94228BA72D00F61054 /* LaunchScreen.storyboard */,
				A372DA97228BA72D00F61054 /* Info.plist */,
			);
			path = RejectedApps;
			sourceTree = "<group>";
		};
/* End PBXGroup section */

/* Begin PBXNativeTarget section */
		A372DA85228BA72C00F61054 /* RejectedApps */ = {
			isa = PBXNativeTarget;
			buildConfigurationList = A372DA9A228BA72D00F61054 /* Build configuration list for PBXNativeTarget "RejectedApps" */;
			buildPhases = (
				A372DA82228BA72C00F61054 /* Sources */,
				A372DA83228BA72C00F61054 /* Frameworks */,
				A372DA84228BA72C00F61054 /* Resources */,
			);
			buildRules = (
			);
			dependencies = (
			);
			name = RejectedApps;
			productName = RejectedApps;
			productReference = A372DA86228BA72C00F61054 /* RejectedApps.app */;
			productType = "com.apple.product-type.application";
		};
/* End PBXNativeTarget section */

/* Begin PBXProject section */
		A372DA7E228BA72C00F61054 /* Project object */ = {
			isa = PBXProject;
			attributes = {
				LastSwiftUpdateCheck = 1020;
				LastUpgradeCheck = 1020;
				ORGANIZATIONNAME = Gregory;
				TargetAttributes = {
					A372DA85228BA72C00F61054 = {
						CreatedOnToolsVersion = 10.2;
					};
				};
			};
			buildConfigurationList = A372DA81228BA72C00F61054 /* Build configuration list for PBXProject "RejectedApps" */;
			compatibilityVersion = "Xcode 9.3";
			developmentRegion = en;
			hasScannedForEncodings = 0;
			knownRegions = (
				en,
				Base,
			);
			mainGroup = A372DA7D228BA72C00F61054;
			productRefGroup = A372DA87228BA72C00F61054 /* Products */;
			projectDirPath = "";
			projectRoot = "";
			targets = (
				A372DA85228BA72C00F61054 /* RejectedApps */,
			);
		};
/* End PBXProject section */

/* Begin PBXResourcesBuildPhase section */
		A372DA84228BA72C00F61054 /* Resources */ = {
			isa = PBXResourcesBuildPhase;
			buildActionMask = 2147483647;
			files = (
				A372DA8C228BA72C00F61054 /* art.scnassets in Resources */,
				A372DA96228BA72D00F61054 /* LaunchScreen.storyboard in Resources */,
				A372DA93228BA72D00F61054 /* Assets.xcassets in Resources */,
				A372DA91228BA72C00F61054 /* Main.storyboard in Resources */,
			);
			runOnlyForDeploymentPostprocessing = 0;
		};
/* End PBXResourcesBuildPhase section */

/* Begin PBXSourcesBuildPhase section */
		A372DA82228BA72C00F61054 /* Sources */ = {
			isa = PBXSourcesBuildPhase;
			buildActionMask = 2147483647;
			files = (
				A372DA8E228BA72C00F61054 /* ViewController.swift in Sources */,
				A372DA8A228BA72C00F61054 /* AppDelegate.swift in Sources */,
			);
			runOnlyForDeploymentPostprocessing = 0;
		};
/* End PBXSourcesBuildPhase section */

/* Begin PBXVariantGroup section */
		A372DA8F228BA72C00F61054 /* Main.storyboard */ = {
			isa = PBXVariantGroup;
			children = (
				A372DA90228BA72C00F61054 /* Base */,
			);
			name = Main.storyboard;
			sourceTree = "<group>";
		};
		A372DA94228BA72D00F61054 /* LaunchScreen.storyboard */ = {
			isa = PBXVariantGroup;
			children = (
				A372DA95228BA72D00F61054 /* Base */,
			);
			name = LaunchScreen.storyboard;
			sourceTree = "<group>";
		};
/* End PBXVariantGroup section */

/* Begin XCBuildConfiguration section */
		A372DA98228BA72D00F61054 /* Debug */ = {
			isa = XCBuildConfiguration;
			buildSettings = {
				ALWAYS_SEARCH_USER_PATHS = NO;
				CLANG_ANALYZER_NONNULL = YES;
				CLANG_ANALYZER_NUMBER_OBJECT_CONVERSION = YES_AGGRESSIVE;
				CLANG_CXX_LANGUAGE_STANDARD = "gnu++14";
				CLANG_CXX_LIBRARY = "libc++";
				CLANG_ENABLE_MODULES = YES;
				CLANG_ENABLE_OBJC_ARC = YES;
				CLANG_ENABLE_OBJC_WEAK = YES;
				CLANG_WARN_BLOCK_CAPTURE_AUTORELEASING = YES;
				CLANG_WARN_BOOL_CONVERSION = YES;
				CLANG_WARN_COMMA = YES;
				CLANG_WARN_CONSTANT_CONVERSION = YES;
				CLANG_WARN_DEPRECATED_OBJC_IMPLEMENTATIONS = YES;
				CLANG_WARN_DIRECT_OBJC_ISA_USAGE = YES_ERROR;
				CLANG_WARN_DOCUMENTATION_COMMENTS = YES;
				CLANG_WARN_EMPTY_BODY = YES;
				CLANG_WARN_ENUM_CONVERSION = YES;
				CLANG_WARN_INFINITE_RECURSION = YES;
				CLANG_WARN_INT_CONVERSION = YES;
				CLANG_WARN_NON_LITERAL_NULL_CONVERSION = YES;
				CLANG_WARN_OBJC_IMPLICIT_RETAIN_SELF = YES;
				CLANG_WARN_OBJC_LITERAL_CONVERSION = YES;
				CLANG_WARN_OBJC_ROOT_CLASS = YES_ERROR;
				CLANG_WARN_RANGE_LOOP_ANALYSIS = YES;
				CLANG_WARN_STRICT_PROTOTYPES = YES;
				CLANG_WARN_SUSPICIOUS_MOVE = YES;
				CLANG_WARN_UNGUARDED_AVAILABILITY = YES_AGGRESSIVE;
				CLANG_WARN_UNREACHABLE_CODE = YES;
				CLANG_WARN__DUPLICATE_METHOD_MATCH = YES;
				CODE_SIGN_IDENTITY = "iPhone Developer";
				COPY_PHASE_STRIP = NO;
				DEBUG_INFORMATION_FORMAT = dwarf;
				ENABLE_STRICT_OBJC_MSGSEND = YES;
				ENABLE_TESTABILITY = YES;
				GCC_C_LANGUAGE_STANDARD = gnu11;
				GCC_DYNAMIC_NO_PIC = NO;
				GCC_NO_COMMON_BLOCKS = YES;
				GCC_OPTIMIZATION_LEVEL = 0;
				GCC_PREPROCESSOR_DEFINITIONS = (
					"DEBUG=1",
					"$(inherited)",
				);
				GCC_WARN_64_TO_32_BIT_CONVERSION = YES;
				GCC_WARN_ABOUT_RETURN_TYPE = YES_ERROR;
				GCC_WARN_UNDECLARED_SELECTOR = YES;
				GCC_WARN_UNINITIALIZED_AUTOS = YES_AGGRESSIVE;
				GCC_WARN_UNUSED_FUNCTION = YES;
				GCC_WARN_UNUSED_VARIABLE = YES;
				IPHONEOS_DEPLOYMENT_TARGET = 12.2;
				MTL_ENABLE_DEBUG_INFO = INCLUDE_SOURCE;
				MTL_FAST_MATH = YES;
				ONLY_ACTIVE_ARCH = YES;
				SDKROOT = iphoneos;
				SWIFT_ACTIVE_COMPILATION_CONDITIONS = DEBUG;
				SWIFT_OPTIMIZATION_LEVEL = "-Onone";
			};
			name = Debug;
		};
		A372DA99228BA72D00F61054 /* Release */ = {
			isa = XCBuildConfiguration;
			buildSettings = {
				ALWAYS_SEARCH_USER_PATHS = NO;
				CLANG_ANALYZER_NONNULL = YES;
				CLANG_ANALYZER_NUMBER_OBJECT_CONVERSION = YES_AGGRESSIVE;
				CLANG_CXX_LANGUAGE_STANDARD = "gnu++14";
				CLANG_CXX_LIBRARY = "libc++";
				CLANG_ENABLE_MODULES = YES;
				CLANG_ENABLE_OBJC_ARC = YES;
				CLANG_ENABLE_OBJC_WEAK = YES;
				CLANG_WARN_BLOCK_CAPTURE_AUTORELEASING = YES;
				CLANG_WARN_BOOL_CONVERSION = YES;
				CLANG_WARN_COMMA = YES;
				CLANG_WARN_CONSTANT_CONVERSION = YES;
				CLANG_WARN_DEPRECATED_OBJC_IMPLEMENTATIONS = YES;
				CLANG_WARN_DIRECT_OBJC_ISA_USAGE = YES_ERROR;
				CLANG_WARN_DOCUMENTATION_COMMENTS = YES;
				CLANG_WARN_EMPTY_BODY = YES;
				CLANG_WARN_ENUM_CONVERSION = YES;
				CLANG_WARN_INFINITE_RECURSION = YES;
				CLANG_WARN_INT_CONVERSION = YES;
				CLANG_WARN_NON_LITERAL_NULL_CONVERSION = YES;
				CLANG_WARN_OBJC_IMPLICIT_RETAIN_SELF = YES;
				CLANG_WARN_OBJC_LITERAL_CONVERSION = YES;
				CLANG_WARN_OBJC_ROOT_CLASS = YES_ERROR;
				CLANG_WARN_RANGE_LOOP_ANALYSIS = YES;
				CLANG_WARN_STRICT_PROTOTYPES = YES;
				CLANG_WARN_SUSPICIOUS_MOVE = YES;
				CLANG_WARN_UNGUARDED_AVAILABILITY = YES_AGGRESSIVE;
				CLANG_WARN_UNREACHABLE_CODE = YES;
				CLANG_WARN__DUPLICATE_METHOD_MATCH = YES;
				CODE_SIGN_IDENTITY = "iPhone Developer";
				COPY_PHASE_STRIP = NO;
				DEBUG_INFORMATION_FORMAT = "dwarf-with-dsym";
				ENABLE_NS_ASSERTIONS = NO;
				ENABLE_STRICT_OBJC_MSGSEND = YES;
				GCC_C_LANGUAGE_STANDARD = gnu11;
				GCC_NO_COMMON_BLOCKS = YES;
				GCC_WARN_64_TO_32_BIT_CONVERSION = YES;
				GCC_WARN_ABOUT_RETURN_TYPE = YES_ERROR;
				GCC_WARN_UNDECLARED_SELECTOR = YES;
				GCC_WARN_UNINITIALIZED_AUTOS = YES_AGGRESSIVE;
				GCC_WARN_UNUSED_FUNCTION = YES;
				GCC_WARN_UNUSED_VARIABLE = YES;
				IPHONEOS_DEPLOYMENT_TARGET = 12.2;
				MTL_ENABLE_DEBUG_INFO = NO;
				MTL_FAST_MATH = YES;
				SDKROOT = iphoneos;
				SWIFT_COMPILATION_MODE = wholemodule;
				SWIFT_OPTIMIZATION_LEVEL = "-O";
				VALIDATE_PRODUCT = YES;
			};
			name = Release;
		};
		A372DA9B228BA72D00F61054 /* Debug */ = {
			isa = XCBuildConfiguration;
			buildSettings = {
				ASSETCATALOG_COMPILER_APPICON_NAME = AppIcon;
				CODE_SIGN_STYLE = Automatic;
				DEVELOPMENT_TEAM = G4J883BN75;
				INFOPLIST_FILE = RejectedApps/Info.plist;
				LD_RUNPATH_SEARCH_PATHS = (
					"$(inherited)",
					"@executable_path/Frameworks",
				);
				PRODUCT_BUNDLE_IDENTIFIER = com.gregorykvn.RejectedApps;
				PRODUCT_NAME = "$(TARGET_NAME)";
				SWIFT_VERSION = 5.0;
				TARGETED_DEVICE_FAMILY = "1,2";
			};
			name = Debug;
		};
		A372DA9C228BA72D00F61054 /* Release */ = {
			isa = XCBuildConfiguration;
			buildSettings = {
				ASSETCATALOG_COMPILER_APPICON_NAME = AppIcon;
				CODE_SIGN_STYLE = Automatic;
				DEVELOPMENT_TEAM = G4J883BN75;
				INFOPLIST_FILE = RejectedApps/Info.plist;
				LD_RUNPATH_SEARCH_PATHS = (
					"$(inherited)",
					"@executable_path/Frameworks",
				);
				PRODUCT_BUNDLE_IDENTIFIER = com.gregorykvn.RejectedApps;
				PRODUCT_NAME = "$(TARGET_NAME)";
				SWIFT_VERSION = 5.0;
				TARGETED_DEVICE_FAMILY = "1,2";
			};
			name = Release;
		};
/* End XCBuildConfiguration section */

/* Begin XCConfigurationList section */
		A372DA81228BA72C00F61054 /* Build configuration list for PBXProject "RejectedApps" */ = {
			isa = XCConfigurationList;
			buildConfigurations = (
				A372DA98228BA72D00F61054 /* Debug */,
				A372DA99228BA72D00F61054 /* Release */,
			);
			defaultConfigurationIsVisible = 0;
			defaultConfigurationName = Release;
		};
		A372DA9A228BA72D00F61054 /* Build configuration list for PBXNativeTarget "RejectedApps" */ = {
			isa = XCConfigurationList;
			buildConfigurations = (
				A372DA9B228BA72D00F61054 /* Debug */,
				A372DA9C228BA72D00F61054 /* Release */,
			);
			defaultConfigurationIsVisible = 0;
			defaultConfigurationName = Release;
		};
/* End XCConfigurationList section */
	};
	rootObject = A372DA7E228BA72C00F61054 /* Project object */;
}
